// !$*UTF8*$!
{
	archiveVersion = 1;
	classes = {
	};
	objectVersion = 46;
	objects = {

/* Begin PBXBuildFile section */
		2001B5AA1B013AED0096D1E6 /* GalleryView.swift in Sources */ = {isa = PBXBuildFile; fileRef = 2001B5A91B013AED0096D1E6 /* GalleryView.swift */; };
		20024FEA1AFFAFAC0013DC4D /* Client.swift in Sources */ = {isa = PBXBuildFile; fileRef = 20024FE91AFFAFAC0013DC4D /* Client.swift */; };
		20024FEE1AFFBD1C0013DC4D /* Kazimir.xcdatamodeld in Sources */ = {isa = PBXBuildFile; fileRef = 20024FEC1AFFBD1C0013DC4D /* Kazimir.xcdatamodeld */; };
		2002500B1AFFC57B0013DC4D /* Storage.swift in Sources */ = {isa = PBXBuildFile; fileRef = 2002500A1AFFC57B0013DC4D /* Storage.swift */; };
		200250A51B0010730013DC4D /* Place.swift in Sources */ = {isa = PBXBuildFile; fileRef = 200250A41B0010730013DC4D /* Place.swift */; };
		200250A71B0010740013DC4D /* Photo.swift in Sources */ = {isa = PBXBuildFile; fileRef = 200250A61B0010740013DC4D /* Photo.swift */; };
		200250AB1B0024C90013DC4D /* Street.swift in Sources */ = {isa = PBXBuildFile; fileRef = 200250AA1B0024C90013DC4D /* Street.swift */; };
		2002DF451AF15956008DFC85 /* SlideTransition.swift in Sources */ = {isa = PBXBuildFile; fileRef = 2002DF441AF15956008DFC85 /* SlideTransition.swift */; };
		20243B381B054D4B00518663 /* PhotoExtensions.swift in Sources */ = {isa = PBXBuildFile; fileRef = 20243B371B054D4B00518663 /* PhotoExtensions.swift */; };
		20243B3A1B054D5B00518663 /* PlaceExtensions.swift in Sources */ = {isa = PBXBuildFile; fileRef = 20243B391B054D5B00518663 /* PlaceExtensions.swift */; };
		20243B3C1B054D6900518663 /* StreetExtensions.swift in Sources */ = {isa = PBXBuildFile; fileRef = 20243B3B1B054D6900518663 /* StreetExtensions.swift */; };
		20243B3E1B054DB500518663 /* JSONConvertible.swift in Sources */ = {isa = PBXBuildFile; fileRef = 20243B3D1B054DB500518663 /* JSONConvertible.swift */; };
		20243B401B05550100518663 /* DataLoader.swift in Sources */ = {isa = PBXBuildFile; fileRef = 20243B3F1B05550100518663 /* DataLoader.swift */; };
		202451B11AE2850D000D8022 /* ListViewController.swift in Sources */ = {isa = PBXBuildFile; fileRef = 202451B01AE2850D000D8022 /* ListViewController.swift */; };
		202451B31AE2931C000D8022 /* MapViewController.swift in Sources */ = {isa = PBXBuildFile; fileRef = 202451B21AE2931C000D8022 /* MapViewController.swift */; };
		203302351AFAB6E200E738BC /* Animator.swift in Sources */ = {isa = PBXBuildFile; fileRef = 203302341AFAB6E200E738BC /* Animator.swift */; };
		206721321AF40D83009F68F1 /* FlipAnimator.swift in Sources */ = {isa = PBXBuildFile; fileRef = 206721311AF40D83009F68F1 /* FlipAnimator.swift */; };
		206B36E71B06085D00D0F207 /* InfoPlist.strings in Resources */ = {isa = PBXBuildFile; fileRef = 206B36E91B06085D00D0F207 /* InfoPlist.strings */; };
		20738B591AE259B80000C808 /* AppDelegate.swift in Sources */ = {isa = PBXBuildFile; fileRef = 20738B581AE259B80000C808 /* AppDelegate.swift */; };
		20738B5E1AE259B80000C808 /* Main.storyboard in Resources */ = {isa = PBXBuildFile; fileRef = 20738B5C1AE259B80000C808 /* Main.storyboard */; };
		20738B601AE259B80000C808 /* Images.xcassets in Resources */ = {isa = PBXBuildFile; fileRef = 20738B5F1AE259B80000C808 /* Images.xcassets */; };
		20738B6F1AE259B80000C808 /* kazimir_iosTests.swift in Sources */ = {isa = PBXBuildFile; fileRef = 20738B6E1AE259B80000C808 /* kazimir_iosTests.swift */; };
		20738B831AE25D0B0000C808 /* OpenSans-Bold.ttf in Resources */ = {isa = PBXBuildFile; fileRef = 20738B791AE25D0B0000C808 /* OpenSans-Bold.ttf */; };
		20738B841AE25D0B0000C808 /* OpenSans-BoldItalic.ttf in Resources */ = {isa = PBXBuildFile; fileRef = 20738B7A1AE25D0B0000C808 /* OpenSans-BoldItalic.ttf */; };
		20738B851AE25D0B0000C808 /* OpenSans-ExtraBold.ttf in Resources */ = {isa = PBXBuildFile; fileRef = 20738B7B1AE25D0B0000C808 /* OpenSans-ExtraBold.ttf */; };
		20738B861AE25D0B0000C808 /* OpenSans-ExtraBoldItalic.ttf in Resources */ = {isa = PBXBuildFile; fileRef = 20738B7C1AE25D0B0000C808 /* OpenSans-ExtraBoldItalic.ttf */; };
		20738B871AE25D0B0000C808 /* OpenSans-Italic.ttf in Resources */ = {isa = PBXBuildFile; fileRef = 20738B7D1AE25D0B0000C808 /* OpenSans-Italic.ttf */; };
		20738B881AE25D0B0000C808 /* OpenSans-Light.ttf in Resources */ = {isa = PBXBuildFile; fileRef = 20738B7E1AE25D0B0000C808 /* OpenSans-Light.ttf */; };
		20738B891AE25D0B0000C808 /* OpenSans-LightItalic.ttf in Resources */ = {isa = PBXBuildFile; fileRef = 20738B7F1AE25D0B0000C808 /* OpenSans-LightItalic.ttf */; };
		20738B8A1AE25D0B0000C808 /* OpenSans-Regular.ttf in Resources */ = {isa = PBXBuildFile; fileRef = 20738B801AE25D0B0000C808 /* OpenSans-Regular.ttf */; };
		20738B8B1AE25D0B0000C808 /* OpenSans-Semibold.ttf in Resources */ = {isa = PBXBuildFile; fileRef = 20738B811AE25D0B0000C808 /* OpenSans-Semibold.ttf */; };
		20738B8C1AE25D0B0000C808 /* OpenSans-SemiboldItalic.ttf in Resources */ = {isa = PBXBuildFile; fileRef = 20738B821AE25D0B0000C808 /* OpenSans-SemiboldItalic.ttf */; };
		20817D071B0774A4004C3B7C /* FadeTransition.swift in Sources */ = {isa = PBXBuildFile; fileRef = 20817D061B0774A4004C3B7C /* FadeTransition.swift */; };
		208F3B6F1B08E9F100ED8771 /* Resources.bundle in Resources */ = {isa = PBXBuildFile; fileRef = 208F3B6E1B08E9F100ED8771 /* Resources.bundle */; };
		209EA3691AED980600820D4D /* Appearance.swift in Sources */ = {isa = PBXBuildFile; fileRef = 209EA3681AED980600820D4D /* Appearance.swift */; };
		20B5CA131AF8E68A0011B2F6 /* DuoViewController.swift in Sources */ = {isa = PBXBuildFile; fileRef = 20B5CA121AF8E68A0011B2F6 /* DuoViewController.swift */; };
		20B5CA151AF8EA440011B2F6 /* EmbedSegue.swift in Sources */ = {isa = PBXBuildFile; fileRef = 20B5CA141AF8EA440011B2F6 /* EmbedSegue.swift */; };
		20BC07ED1AF69FC800711A49 /* SlideTransitionHandler.swift in Sources */ = {isa = PBXBuildFile; fileRef = 20BC07EC1AF69FC800711A49 /* SlideTransitionHandler.swift */; };
		20BFF4111B09010800AB0B5D /* PhotoViewController.swift in Sources */ = {isa = PBXBuildFile; fileRef = 20BFF4101B09010800AB0B5D /* PhotoViewController.swift */; };
		20D051CE1AED81FE00BBA3BC /* WelcomeViewController.swift in Sources */ = {isa = PBXBuildFile; fileRef = 20D051CD1AED81FE00BBA3BC /* WelcomeViewController.swift */; };
		20E4BE191B04102A00A115A9 /* DataSynchronizer.swift in Sources */ = {isa = PBXBuildFile; fileRef = 20E4BE181B04102A00A115A9 /* DataSynchronizer.swift */; };
		20EA31901B2CC36600EEE627 /* libPods.a in Frameworks */ = {isa = PBXBuildFile; fileRef = 167D50ED8C3F19A1ED5DDD08 /* libPods.a */; };
		20EA31941B2DD9A800EEE627 /* TimeContext.swift in Sources */ = {isa = PBXBuildFile; fileRef = 20EA31931B2DD9A800EEE627 /* TimeContext.swift */; };
		20EF81E01AED89C200B03F87 /* FadeAnimator.swift in Sources */ = {isa = PBXBuildFile; fileRef = 20EF81DF1AED89C200B03F87 /* FadeAnimator.swift */; };
		20EF81E21AED8E6B00B03F87 /* StreetViewController.swift in Sources */ = {isa = PBXBuildFile; fileRef = 20EF81E11AED8E6B00B03F87 /* StreetViewController.swift */; };
		9A550ECC900EFB3B52A8DE70 /* libPods.a in Frameworks */ = {isa = PBXBuildFile; fileRef = 167D50ED8C3F19A1ED5DDD08 /* libPods.a */; };
/* End PBXBuildFile section */

/* Begin PBXContainerItemProxy section */
		20738B691AE259B80000C808 /* PBXContainerItemProxy */ = {
			isa = PBXContainerItemProxy;
			containerPortal = 20738B4B1AE259B80000C808 /* Project object */;
			proxyType = 1;
			remoteGlobalIDString = 20738B521AE259B80000C808;
			remoteInfo = "kazimir-ios";
		};
/* End PBXContainerItemProxy section */

/* Begin PBXFileReference section */
		167D50ED8C3F19A1ED5DDD08 /* libPods.a */ = {isa = PBXFileReference; explicitFileType = archive.ar; includeInIndex = 0; path = libPods.a; sourceTree = BUILT_PRODUCTS_DIR; };
		2001B5A91B013AED0096D1E6 /* GalleryView.swift */ = {isa = PBXFileReference; fileEncoding = 4; lastKnownFileType = sourcecode.swift; path = GalleryView.swift; sourceTree = "<group>"; };
		20024FE91AFFAFAC0013DC4D /* Client.swift */ = {isa = PBXFileReference; fileEncoding = 4; lastKnownFileType = sourcecode.swift; path = Client.swift; sourceTree = "<group>"; };
		20024FED1AFFBD1C0013DC4D /* Kazimir.xcdatamodel */ = {isa = PBXFileReference; lastKnownFileType = wrapper.xcdatamodel; path = Kazimir.xcdatamodel; sourceTree = "<group>"; };
		2002500A1AFFC57B0013DC4D /* Storage.swift */ = {isa = PBXFileReference; fileEncoding = 4; lastKnownFileType = sourcecode.swift; path = Storage.swift; sourceTree = "<group>"; };
		200250A41B0010730013DC4D /* Place.swift */ = {isa = PBXFileReference; fileEncoding = 4; lastKnownFileType = sourcecode.swift; path = Place.swift; sourceTree = "<group>"; };
		200250A61B0010740013DC4D /* Photo.swift */ = {isa = PBXFileReference; fileEncoding = 4; lastKnownFileType = sourcecode.swift; path = Photo.swift; sourceTree = "<group>"; };
		200250AA1B0024C90013DC4D /* Street.swift */ = {isa = PBXFileReference; fileEncoding = 4; lastKnownFileType = sourcecode.swift; path = Street.swift; sourceTree = "<group>"; };
		2002DF441AF15956008DFC85 /* SlideTransition.swift */ = {isa = PBXFileReference; fileEncoding = 4; lastKnownFileType = sourcecode.swift; path = SlideTransition.swift; sourceTree = "<group>"; };
		20243B371B054D4B00518663 /* PhotoExtensions.swift */ = {isa = PBXFileReference; fileEncoding = 4; lastKnownFileType = sourcecode.swift; path = PhotoExtensions.swift; sourceTree = "<group>"; };
		20243B391B054D5B00518663 /* PlaceExtensions.swift */ = {isa = PBXFileReference; fileEncoding = 4; lastKnownFileType = sourcecode.swift; path = PlaceExtensions.swift; sourceTree = "<group>"; };
		20243B3B1B054D6900518663 /* StreetExtensions.swift */ = {isa = PBXFileReference; fileEncoding = 4; lastKnownFileType = sourcecode.swift; path = StreetExtensions.swift; sourceTree = "<group>"; };
		20243B3D1B054DB500518663 /* JSONConvertible.swift */ = {isa = PBXFileReference; fileEncoding = 4; lastKnownFileType = sourcecode.swift; path = JSONConvertible.swift; sourceTree = "<group>"; };
		20243B3F1B05550100518663 /* DataLoader.swift */ = {isa = PBXFileReference; fileEncoding = 4; lastKnownFileType = sourcecode.swift; name = DataLoader.swift; path = "kazimir-ios/Data/DataLoader.swift"; sourceTree = SOURCE_ROOT; };
		202451B01AE2850D000D8022 /* ListViewController.swift */ = {isa = PBXFileReference; fileEncoding = 4; lastKnownFileType = sourcecode.swift; path = ListViewController.swift; sourceTree = "<group>"; };
		202451B21AE2931C000D8022 /* MapViewController.swift */ = {isa = PBXFileReference; fileEncoding = 4; lastKnownFileType = sourcecode.swift; path = MapViewController.swift; sourceTree = "<group>"; };
		203302341AFAB6E200E738BC /* Animator.swift */ = {isa = PBXFileReference; fileEncoding = 4; lastKnownFileType = sourcecode.swift; path = Animator.swift; sourceTree = "<group>"; };
		206721311AF40D83009F68F1 /* FlipAnimator.swift */ = {isa = PBXFileReference; fileEncoding = 4; lastKnownFileType = sourcecode.swift; path = FlipAnimator.swift; sourceTree = "<group>"; };
		206B36E81B06085D00D0F207 /* Base */ = {isa = PBXFileReference; lastKnownFileType = text.plist.strings; name = Base; path = Base.lproj/InfoPlist.strings; sourceTree = "<group>"; };
		206B36EA1B06086100D0F207 /* en */ = {isa = PBXFileReference; lastKnownFileType = text.plist.strings; name = en; path = en.lproj/InfoPlist.strings; sourceTree = "<group>"; };
		206B36EB1B06086100D0F207 /* pl */ = {isa = PBXFileReference; lastKnownFileType = text.plist.strings; name = pl; path = pl.lproj/InfoPlist.strings; sourceTree = "<group>"; };
		20738B531AE259B80000C808 /* kazimir-ios.app */ = {isa = PBXFileReference; explicitFileType = wrapper.application; includeInIndex = 0; path = "kazimir-ios.app"; sourceTree = BUILT_PRODUCTS_DIR; };
		20738B571AE259B80000C808 /* Info.plist */ = {isa = PBXFileReference; lastKnownFileType = text.plist.xml; path = Info.plist; sourceTree = "<group>"; };
		20738B581AE259B80000C808 /* AppDelegate.swift */ = {isa = PBXFileReference; lastKnownFileType = sourcecode.swift; path = AppDelegate.swift; sourceTree = "<group>"; };
		20738B5D1AE259B80000C808 /* Base */ = {isa = PBXFileReference; lastKnownFileType = file.storyboard; name = Base; path = Base.lproj/Main.storyboard; sourceTree = "<group>"; };
		20738B5F1AE259B80000C808 /* Images.xcassets */ = {isa = PBXFileReference; lastKnownFileType = folder.assetcatalog; path = Images.xcassets; sourceTree = "<group>"; };
		20738B681AE259B80000C808 /* kazimir-iosTests.xctest */ = {isa = PBXFileReference; explicitFileType = wrapper.cfbundle; includeInIndex = 0; path = "kazimir-iosTests.xctest"; sourceTree = BUILT_PRODUCTS_DIR; };
		20738B6D1AE259B80000C808 /* Info.plist */ = {isa = PBXFileReference; lastKnownFileType = text.plist.xml; path = Info.plist; sourceTree = "<group>"; };
		20738B6E1AE259B80000C808 /* kazimir_iosTests.swift */ = {isa = PBXFileReference; lastKnownFileType = sourcecode.swift; path = kazimir_iosTests.swift; sourceTree = "<group>"; };
		20738B791AE25D0B0000C808 /* OpenSans-Bold.ttf */ = {isa = PBXFileReference; lastKnownFileType = file; name = "OpenSans-Bold.ttf"; path = "open-sans/OpenSans-Bold.ttf"; sourceTree = "<group>"; };
		20738B7A1AE25D0B0000C808 /* OpenSans-BoldItalic.ttf */ = {isa = PBXFileReference; lastKnownFileType = file; name = "OpenSans-BoldItalic.ttf"; path = "open-sans/OpenSans-BoldItalic.ttf"; sourceTree = "<group>"; };
		20738B7B1AE25D0B0000C808 /* OpenSans-ExtraBold.ttf */ = {isa = PBXFileReference; lastKnownFileType = file; name = "OpenSans-ExtraBold.ttf"; path = "open-sans/OpenSans-ExtraBold.ttf"; sourceTree = "<group>"; };
		20738B7C1AE25D0B0000C808 /* OpenSans-ExtraBoldItalic.ttf */ = {isa = PBXFileReference; lastKnownFileType = file; name = "OpenSans-ExtraBoldItalic.ttf"; path = "open-sans/OpenSans-ExtraBoldItalic.ttf"; sourceTree = "<group>"; };
		20738B7D1AE25D0B0000C808 /* OpenSans-Italic.ttf */ = {isa = PBXFileReference; lastKnownFileType = file; name = "OpenSans-Italic.ttf"; path = "open-sans/OpenSans-Italic.ttf"; sourceTree = "<group>"; };
		20738B7E1AE25D0B0000C808 /* OpenSans-Light.ttf */ = {isa = PBXFileReference; lastKnownFileType = file; name = "OpenSans-Light.ttf"; path = "open-sans/OpenSans-Light.ttf"; sourceTree = "<group>"; };
		20738B7F1AE25D0B0000C808 /* OpenSans-LightItalic.ttf */ = {isa = PBXFileReference; lastKnownFileType = file; name = "OpenSans-LightItalic.ttf"; path = "open-sans/OpenSans-LightItalic.ttf"; sourceTree = "<group>"; };
		20738B801AE25D0B0000C808 /* OpenSans-Regular.ttf */ = {isa = PBXFileReference; lastKnownFileType = file; name = "OpenSans-Regular.ttf"; path = "open-sans/OpenSans-Regular.ttf"; sourceTree = "<group>"; };
		20738B811AE25D0B0000C808 /* OpenSans-Semibold.ttf */ = {isa = PBXFileReference; lastKnownFileType = file; name = "OpenSans-Semibold.ttf"; path = "open-sans/OpenSans-Semibold.ttf"; sourceTree = "<group>"; };
		20738B821AE25D0B0000C808 /* OpenSans-SemiboldItalic.ttf */ = {isa = PBXFileReference; lastKnownFileType = file; name = "OpenSans-SemiboldItalic.ttf"; path = "open-sans/OpenSans-SemiboldItalic.ttf"; sourceTree = "<group>"; };
		20817D061B0774A4004C3B7C /* FadeTransition.swift */ = {isa = PBXFileReference; fileEncoding = 4; lastKnownFileType = sourcecode.swift; path = FadeTransition.swift; sourceTree = "<group>"; };
		208F3B6E1B08E9F100ED8771 /* Resources.bundle */ = {isa = PBXFileReference; lastKnownFileType = "wrapper.plug-in"; path = Resources.bundle; sourceTree = "<group>"; };
		208F3B711B08F86700ED8771 /* en */ = {isa = PBXFileReference; lastKnownFileType = text.plist.strings; name = en; path = en.lproj/Main.strings; sourceTree = "<group>"; };
		208F3B731B08F86A00ED8771 /* pl */ = {isa = PBXFileReference; lastKnownFileType = text.plist.strings; name = pl; path = pl.lproj/Main.strings; sourceTree = "<group>"; };
		209EA3681AED980600820D4D /* Appearance.swift */ = {isa = PBXFileReference; fileEncoding = 4; lastKnownFileType = sourcecode.swift; path = Appearance.swift; sourceTree = "<group>"; };
		20B5CA121AF8E68A0011B2F6 /* DuoViewController.swift */ = {isa = PBXFileReference; fileEncoding = 4; lastKnownFileType = sourcecode.swift; name = DuoViewController.swift; path = ../DuoViewController.swift; sourceTree = "<group>"; };
		20B5CA141AF8EA440011B2F6 /* EmbedSegue.swift */ = {isa = PBXFileReference; fileEncoding = 4; lastKnownFileType = sourcecode.swift; path = EmbedSegue.swift; sourceTree = "<group>"; };
		20BC07EC1AF69FC800711A49 /* SlideTransitionHandler.swift */ = {isa = PBXFileReference; fileEncoding = 4; lastKnownFileType = sourcecode.swift; path = SlideTransitionHandler.swift; sourceTree = "<group>"; };
		20BFF4101B09010800AB0B5D /* PhotoViewController.swift */ = {isa = PBXFileReference; fileEncoding = 4; lastKnownFileType = sourcecode.swift; path = PhotoViewController.swift; sourceTree = "<group>"; };
		20D051CD1AED81FE00BBA3BC /* WelcomeViewController.swift */ = {isa = PBXFileReference; fileEncoding = 4; lastKnownFileType = sourcecode.swift; path = WelcomeViewController.swift; sourceTree = "<group>"; };
		20E4BE181B04102A00A115A9 /* DataSynchronizer.swift */ = {isa = PBXFileReference; fileEncoding = 4; lastKnownFileType = sourcecode.swift; name = DataSynchronizer.swift; path = "kazimir-ios/Data/DataSynchronizer.swift"; sourceTree = SOURCE_ROOT; };
		20EA31931B2DD9A800EEE627 /* TimeContext.swift */ = {isa = PBXFileReference; fileEncoding = 4; lastKnownFileType = sourcecode.swift; path = TimeContext.swift; sourceTree = "<group>"; };
		20EF81DF1AED89C200B03F87 /* FadeAnimator.swift */ = {isa = PBXFileReference; fileEncoding = 4; lastKnownFileType = sourcecode.swift; path = FadeAnimator.swift; sourceTree = "<group>"; };
		20EF81E11AED8E6B00B03F87 /* StreetViewController.swift */ = {isa = PBXFileReference; fileEncoding = 4; lastKnownFileType = sourcecode.swift; path = StreetViewController.swift; sourceTree = "<group>"; };
		2D1366F839F1B5B828CD39EA /* Pods.release.xcconfig */ = {isa = PBXFileReference; includeInIndex = 1; lastKnownFileType = text.xcconfig; name = Pods.release.xcconfig; path = "Pods/Target Support Files/Pods/Pods.release.xcconfig"; sourceTree = "<group>"; };
		3386E40BDF06630BACC1B27D /* Pods.debug.xcconfig */ = {isa = PBXFileReference; includeInIndex = 1; lastKnownFileType = text.xcconfig; name = Pods.debug.xcconfig; path = "Pods/Target Support Files/Pods/Pods.debug.xcconfig"; sourceTree = "<group>"; };
/* End PBXFileReference section */

/* Begin PBXFrameworksBuildPhase section */
		20738B501AE259B80000C808 /* Frameworks */ = {
			isa = PBXFrameworksBuildPhase;
			buildActionMask = 2147483647;
			files = (
				9A550ECC900EFB3B52A8DE70 /* libPods.a in Frameworks */,
			);
			runOnlyForDeploymentPostprocessing = 0;
		};
		20738B651AE259B80000C808 /* Frameworks */ = {
			isa = PBXFrameworksBuildPhase;
			buildActionMask = 2147483647;
			files = (
				20EA31901B2CC36600EEE627 /* libPods.a in Frameworks */,
			);
			runOnlyForDeploymentPostprocessing = 0;
		};
/* End PBXFrameworksBuildPhase section */

/* Begin PBXGroup section */
		1F1AF640C3492097448CC874 /* Pods */ = {
			isa = PBXGroup;
			children = (
				3386E40BDF06630BACC1B27D /* Pods.debug.xcconfig */,
				2D1366F839F1B5B828CD39EA /* Pods.release.xcconfig */,
			);
			name = Pods;
			sourceTree = "<group>";
		};
		20024FEB1AFFBCA90013DC4D /* Data */ = {
			isa = PBXGroup;
			children = (
				20243B341B054CC700518663 /* Entity */,
				20243B361B054CFE00518663 /* EntityExtensions */,
				20024FE91AFFAFAC0013DC4D /* Client.swift */,
				20243B3F1B05550100518663 /* DataLoader.swift */,
				20E4BE181B04102A00A115A9 /* DataSynchronizer.swift */,
				20243B3D1B054DB500518663 /* JSONConvertible.swift */,
				2002500A1AFFC57B0013DC4D /* Storage.swift */,
				20024FEC1AFFBD1C0013DC4D /* Kazimir.xcdatamodeld */,
			);
			path = Data;
			sourceTree = "<group>";
		};
		20243B341B054CC700518663 /* Entity */ = {
			isa = PBXGroup;
			children = (
				200250A61B0010740013DC4D /* Photo.swift */,
				200250A41B0010730013DC4D /* Place.swift */,
				200250AA1B0024C90013DC4D /* Street.swift */,
			);
			path = Entity;
			sourceTree = "<group>";
		};
		20243B361B054CFE00518663 /* EntityExtensions */ = {
			isa = PBXGroup;
			children = (
				20243B371B054D4B00518663 /* PhotoExtensions.swift */,
				20243B391B054D5B00518663 /* PlaceExtensions.swift */,
				20243B3B1B054D6900518663 /* StreetExtensions.swift */,
			);
			path = EntityExtensions;
			sourceTree = "<group>";
		};
		203302361AFAB7BA00E738BC /* Animation */ = {
			isa = PBXGroup;
			children = (
				203302341AFAB6E200E738BC /* Animator.swift */,
				20EF81DF1AED89C200B03F87 /* FadeAnimator.swift */,
				206721311AF40D83009F68F1 /* FlipAnimator.swift */,
			);
			path = Animation;
			sourceTree = "<group>";
		};
		203302371AFAB7C500E738BC /* Transition */ = {
			isa = PBXGroup;
			children = (
				2002DF441AF15956008DFC85 /* SlideTransition.swift */,
				20BC07EC1AF69FC800711A49 /* SlideTransitionHandler.swift */,
				20817D061B0774A4004C3B7C /* FadeTransition.swift */,
			);
			path = Transition;
			sourceTree = "<group>";
		};
		20738B4A1AE259B80000C808 = {
			isa = PBXGroup;
			children = (
				20738B551AE259B80000C808 /* kazimir-ios */,
				20738B6B1AE259B80000C808 /* kazimir-iosTests */,
				20738B541AE259B80000C808 /* Products */,
				1F1AF640C3492097448CC874 /* Pods */,
				279D5F3E57FB5E302D47A951 /* Frameworks */,
			);
			sourceTree = "<group>";
		};
		20738B541AE259B80000C808 /* Products */ = {
			isa = PBXGroup;
			children = (
				20738B531AE259B80000C808 /* kazimir-ios.app */,
				20738B681AE259B80000C808 /* kazimir-iosTests.xctest */,
			);
			name = Products;
			sourceTree = "<group>";
		};
		20738B551AE259B80000C808 /* kazimir-ios */ = {
			isa = PBXGroup;
			children = (
				209EA3681AED980600820D4D /* Appearance.swift */,
				20738B581AE259B80000C808 /* AppDelegate.swift */,
				20EF81E11AED8E6B00B03F87 /* StreetViewController.swift */,
				2001B5A91B013AED0096D1E6 /* GalleryView.swift */,
				202451B21AE2931C000D8022 /* MapViewController.swift */,
				202451B01AE2850D000D8022 /* ListViewController.swift */,
				20BFF4101B09010800AB0B5D /* PhotoViewController.swift */,
				20EA31931B2DD9A800EEE627 /* TimeContext.swift */,
				20D051CD1AED81FE00BBA3BC /* WelcomeViewController.swift */,
				20024FEB1AFFBCA90013DC4D /* Data */,
				20D051D11AED85EA00BBA3BC /* Navigation */,
				20738B5C1AE259B80000C808 /* Main.storyboard */,
				20738B5F1AE259B80000C808 /* Images.xcassets */,
				208F3B6E1B08E9F100ED8771 /* Resources.bundle */,
				20738B781AE25CDE0000C808 /* Fonts */,
				20738B561AE259B80000C808 /* Supporting Files */,
			);
			path = "kazimir-ios";
			sourceTree = "<group>";
		};
		20738B561AE259B80000C808 /* Supporting Files */ = {
			isa = PBXGroup;
			children = (
				20738B571AE259B80000C808 /* Info.plist */,
				206B36E91B06085D00D0F207 /* InfoPlist.strings */,
			);
			name = "Supporting Files";
			sourceTree = "<group>";
		};
		20738B6B1AE259B80000C808 /* kazimir-iosTests */ = {
			isa = PBXGroup;
			children = (
				20738B6E1AE259B80000C808 /* kazimir_iosTests.swift */,
				20738B6C1AE259B80000C808 /* Supporting Files */,
			);
			path = "kazimir-iosTests";
			sourceTree = "<group>";
		};
		20738B6C1AE259B80000C808 /* Supporting Files */ = {
			isa = PBXGroup;
			children = (
				20738B6D1AE259B80000C808 /* Info.plist */,
			);
			name = "Supporting Files";
			sourceTree = "<group>";
		};
		20738B781AE25CDE0000C808 /* Fonts */ = {
			isa = PBXGroup;
			children = (
				20738B791AE25D0B0000C808 /* OpenSans-Bold.ttf */,
				20738B7A1AE25D0B0000C808 /* OpenSans-BoldItalic.ttf */,
				20738B7B1AE25D0B0000C808 /* OpenSans-ExtraBold.ttf */,
				20738B7C1AE25D0B0000C808 /* OpenSans-ExtraBoldItalic.ttf */,
				20738B7D1AE25D0B0000C808 /* OpenSans-Italic.ttf */,
				20738B7E1AE25D0B0000C808 /* OpenSans-Light.ttf */,
				20738B7F1AE25D0B0000C808 /* OpenSans-LightItalic.ttf */,
				20738B801AE25D0B0000C808 /* OpenSans-Regular.ttf */,
				20738B811AE25D0B0000C808 /* OpenSans-Semibold.ttf */,
				20738B821AE25D0B0000C808 /* OpenSans-SemiboldItalic.ttf */,
			);
			path = Fonts;
			sourceTree = "<group>";
		};
		20D051D11AED85EA00BBA3BC /* Navigation */ = {
			isa = PBXGroup;
			children = (
				203302361AFAB7BA00E738BC /* Animation */,
				203302371AFAB7C500E738BC /* Transition */,
				20B5CA121AF8E68A0011B2F6 /* DuoViewController.swift */,
				20B5CA141AF8EA440011B2F6 /* EmbedSegue.swift */,
			);
			path = Navigation;
			sourceTree = "<group>";
		};
		279D5F3E57FB5E302D47A951 /* Frameworks */ = {
			isa = PBXGroup;
			children = (
				167D50ED8C3F19A1ED5DDD08 /* libPods.a */,
			);
			name = Frameworks;
			sourceTree = "<group>";
		};
/* End PBXGroup section */

/* Begin PBXNativeTarget section */
		20738B521AE259B80000C808 /* kazimir-ios */ = {
			isa = PBXNativeTarget;
			buildConfigurationList = 20738B721AE259B80000C808 /* Build configuration list for PBXNativeTarget "kazimir-ios" */;
			buildPhases = (
				F2ED5E4B1EF4260DEDD289BE /* Check Pods Manifest.lock */,
				20738B4F1AE259B80000C808 /* Sources */,
				20738B501AE259B80000C808 /* Frameworks */,
				20738B511AE259B80000C808 /* Resources */,
				67E660C2DF7805DA9BD67506 /* Copy Pods Resources */,
			);
			buildRules = (
			);
			dependencies = (
			);
			name = "kazimir-ios";
			productName = "kazimir-ios";
			productReference = 20738B531AE259B80000C808 /* kazimir-ios.app */;
			productType = "com.apple.product-type.application";
		};
		20738B671AE259B80000C808 /* kazimir-iosTests */ = {
			isa = PBXNativeTarget;
			buildConfigurationList = 20738B751AE259B80000C808 /* Build configuration list for PBXNativeTarget "kazimir-iosTests" */;
			buildPhases = (
				20738B641AE259B80000C808 /* Sources */,
				20738B651AE259B80000C808 /* Frameworks */,
				20738B661AE259B80000C808 /* Resources */,
			);
			buildRules = (
			);
			dependencies = (
				20738B6A1AE259B80000C808 /* PBXTargetDependency */,
			);
			name = "kazimir-iosTests";
			productName = "kazimir-iosTests";
			productReference = 20738B681AE259B80000C808 /* kazimir-iosTests.xctest */;
			productType = "com.apple.product-type.bundle.unit-test";
		};
/* End PBXNativeTarget section */

/* Begin PBXProject section */
		20738B4B1AE259B80000C808 /* Project object */ = {
			isa = PBXProject;
			attributes = {
				LastUpgradeCheck = 0630;
				ORGANIZATIONNAME = Kazimir;
				TargetAttributes = {
					20738B521AE259B80000C808 = {
						CreatedOnToolsVersion = 6.3;
						DevelopmentTeam = 7P44FAXTL7;
					};
					20738B671AE259B80000C808 = {
						CreatedOnToolsVersion = 6.3;
						TestTargetID = 20738B521AE259B80000C808;
					};
				};
			};
			buildConfigurationList = 20738B4E1AE259B80000C808 /* Build configuration list for PBXProject "kazimir-ios" */;
			compatibilityVersion = "Xcode 3.2";
			developmentRegion = English;
			hasScannedForEncodings = 0;
			knownRegions = (
				en,
				Base,
				pl,
			);
			mainGroup = 20738B4A1AE259B80000C808;
			productRefGroup = 20738B541AE259B80000C808 /* Products */;
			projectDirPath = "";
			projectRoot = "";
			targets = (
				20738B521AE259B80000C808 /* kazimir-ios */,
				20738B671AE259B80000C808 /* kazimir-iosTests */,
			);
		};
/* End PBXProject section */

/* Begin PBXResourcesBuildPhase section */
		20738B511AE259B80000C808 /* Resources */ = {
			isa = PBXResourcesBuildPhase;
			buildActionMask = 2147483647;
			files = (
				20738B8B1AE25D0B0000C808 /* OpenSans-Semibold.ttf in Resources */,
				206B36E71B06085D00D0F207 /* InfoPlist.strings in Resources */,
				20738B8C1AE25D0B0000C808 /* OpenSans-SemiboldItalic.ttf in Resources */,
				20738B5E1AE259B80000C808 /* Main.storyboard in Resources */,
				20738B8A1AE25D0B0000C808 /* OpenSans-Regular.ttf in Resources */,
				20738B871AE25D0B0000C808 /* OpenSans-Italic.ttf in Resources */,
				20738B861AE25D0B0000C808 /* OpenSans-ExtraBoldItalic.ttf in Resources */,
				20738B891AE25D0B0000C808 /* OpenSans-LightItalic.ttf in Resources */,
				20738B831AE25D0B0000C808 /* OpenSans-Bold.ttf in Resources */,
				20738B601AE259B80000C808 /* Images.xcassets in Resources */,
				208F3B6F1B08E9F100ED8771 /* Resources.bundle in Resources */,
				20738B881AE25D0B0000C808 /* OpenSans-Light.ttf in Resources */,
				20738B841AE25D0B0000C808 /* OpenSans-BoldItalic.ttf in Resources */,
				20738B851AE25D0B0000C808 /* OpenSans-ExtraBold.ttf in Resources */,
			);
			runOnlyForDeploymentPostprocessing = 0;
		};
		20738B661AE259B80000C808 /* Resources */ = {
			isa = PBXResourcesBuildPhase;
			buildActionMask = 2147483647;
			files = (
			);
			runOnlyForDeploymentPostprocessing = 0;
		};
/* End PBXResourcesBuildPhase section */

/* Begin PBXShellScriptBuildPhase section */
		67E660C2DF7805DA9BD67506 /* Copy Pods Resources */ = {
			isa = PBXShellScriptBuildPhase;
			buildActionMask = 2147483647;
			files = (
			);
			inputPaths = (
			);
			name = "Copy Pods Resources";
			outputPaths = (
			);
			runOnlyForDeploymentPostprocessing = 0;
			shellPath = /bin/sh;
			shellScript = "\"${SRCROOT}/Pods/Target Support Files/Pods/Pods-resources.sh\"\n";
			showEnvVarsInLog = 0;
		};
		F2ED5E4B1EF4260DEDD289BE /* Check Pods Manifest.lock */ = {
			isa = PBXShellScriptBuildPhase;
			buildActionMask = 2147483647;
			files = (
			);
			inputPaths = (
			);
			name = "Check Pods Manifest.lock";
			outputPaths = (
			);
			runOnlyForDeploymentPostprocessing = 0;
			shellPath = /bin/sh;
			shellScript = "diff \"${PODS_ROOT}/../Podfile.lock\" \"${PODS_ROOT}/Manifest.lock\" > /dev/null\nif [[ $? != 0 ]] ; then\n    cat << EOM\nerror: The sandbox is not in sync with the Podfile.lock. Run 'pod install' or update your CocoaPods installation.\nEOM\n    exit 1\nfi\n";
			showEnvVarsInLog = 0;
		};
/* End PBXShellScriptBuildPhase section */

/* Begin PBXSourcesBuildPhase section */
		20738B4F1AE259B80000C808 /* Sources */ = {
			isa = PBXSourcesBuildPhase;
			buildActionMask = 2147483647;
			files = (
				20243B381B054D4B00518663 /* PhotoExtensions.swift in Sources */,
				2002DF451AF15956008DFC85 /* SlideTransition.swift in Sources */,
				20243B3C1B054D6900518663 /* StreetExtensions.swift in Sources */,
				2002500B1AFFC57B0013DC4D /* Storage.swift in Sources */,
				20817D071B0774A4004C3B7C /* FadeTransition.swift in Sources */,
				20EF81E21AED8E6B00B03F87 /* StreetViewController.swift in Sources */,
				209EA3691AED980600820D4D /* Appearance.swift in Sources */,
				20243B3A1B054D5B00518663 /* PlaceExtensions.swift in Sources */,
				20243B401B05550100518663 /* DataLoader.swift in Sources */,
				20024FEE1AFFBD1C0013DC4D /* Kazimir.xcdatamodeld in Sources */,
				20B5CA131AF8E68A0011B2F6 /* DuoViewController.swift in Sources */,
				20EA31941B2DD9A800EEE627 /* TimeContext.swift in Sources */,
				2001B5AA1B013AED0096D1E6 /* GalleryView.swift in Sources */,
				20738B591AE259B80000C808 /* AppDelegate.swift in Sources */,
				20E4BE191B04102A00A115A9 /* DataSynchronizer.swift in Sources */,
				20D051CE1AED81FE00BBA3BC /* WelcomeViewController.swift in Sources */,
				20B5CA151AF8EA440011B2F6 /* EmbedSegue.swift in Sources */,
				20024FEA1AFFAFAC0013DC4D /* Client.swift in Sources */,
				202451B11AE2850D000D8022 /* ListViewController.swift in Sources */,
				200250A71B0010740013DC4D /* Photo.swift in Sources */,
				20EF81E01AED89C200B03F87 /* FadeAnimator.swift in Sources */,
				202451B31AE2931C000D8022 /* MapViewController.swift in Sources */,
				20BC07ED1AF69FC800711A49 /* SlideTransitionHandler.swift in Sources */,
				200250A51B0010730013DC4D /* Place.swift in Sources */,
				203302351AFAB6E200E738BC /* Animator.swift in Sources */,
				200250AB1B0024C90013DC4D /* Street.swift in Sources */,
				206721321AF40D83009F68F1 /* FlipAnimator.swift in Sources */,
				20243B3E1B054DB500518663 /* JSONConvertible.swift in Sources */,
				20BFF4111B09010800AB0B5D /* PhotoViewController.swift in Sources */,
			);
			runOnlyForDeploymentPostprocessing = 0;
		};
		20738B641AE259B80000C808 /* Sources */ = {
			isa = PBXSourcesBuildPhase;
			buildActionMask = 2147483647;
			files = (
				20738B6F1AE259B80000C808 /* kazimir_iosTests.swift in Sources */,
			);
			runOnlyForDeploymentPostprocessing = 0;
		};
/* End PBXSourcesBuildPhase section */

/* Begin PBXTargetDependency section */
		20738B6A1AE259B80000C808 /* PBXTargetDependency */ = {
			isa = PBXTargetDependency;
			target = 20738B521AE259B80000C808 /* kazimir-ios */;
			targetProxy = 20738B691AE259B80000C808 /* PBXContainerItemProxy */;
		};
/* End PBXTargetDependency section */

/* Begin PBXVariantGroup section */
		206B36E91B06085D00D0F207 /* InfoPlist.strings */ = {
			isa = PBXVariantGroup;
			children = (
				206B36E81B06085D00D0F207 /* Base */,
				206B36EA1B06086100D0F207 /* en */,
				206B36EB1B06086100D0F207 /* pl */,
			);
			name = InfoPlist.strings;
			sourceTree = "<group>";
		};
		20738B5C1AE259B80000C808 /* Main.storyboard */ = {
			isa = PBXVariantGroup;
			children = (
				20738B5D1AE259B80000C808 /* Base */,
				208F3B711B08F86700ED8771 /* en */,
				208F3B731B08F86A00ED8771 /* pl */,
			);
			name = Main.storyboard;
			sourceTree = "<group>";
		};
/* End PBXVariantGroup section */

/* Begin XCBuildConfiguration section */
		20738B701AE259B80000C808 /* Debug */ = {
			isa = XCBuildConfiguration;
			buildSettings = {
				ALWAYS_SEARCH_USER_PATHS = NO;
				CLANG_CXX_LANGUAGE_STANDARD = "gnu++0x";
				CLANG_CXX_LIBRARY = "libc++";
				CLANG_ENABLE_MODULES = YES;
				CLANG_ENABLE_OBJC_ARC = YES;
				CLANG_WARN_BOOL_CONVERSION = YES;
				CLANG_WARN_CONSTANT_CONVERSION = YES;
				CLANG_WARN_DIRECT_OBJC_ISA_USAGE = YES_ERROR;
				CLANG_WARN_EMPTY_BODY = YES;
				CLANG_WARN_ENUM_CONVERSION = YES;
				CLANG_WARN_INT_CONVERSION = YES;
				CLANG_WARN_OBJC_ROOT_CLASS = YES_ERROR;
				CLANG_WARN_UNREACHABLE_CODE = YES;
				CLANG_WARN__DUPLICATE_METHOD_MATCH = YES;
				"CODE_SIGN_IDENTITY[sdk=iphoneos*]" = "iPhone Developer";
				COPY_PHASE_STRIP = NO;
				DEBUG_INFORMATION_FORMAT = "dwarf-with-dsym";
				ENABLE_STRICT_OBJC_MSGSEND = YES;
				GCC_C_LANGUAGE_STANDARD = gnu99;
				GCC_DYNAMIC_NO_PIC = NO;
				GCC_NO_COMMON_BLOCKS = YES;
				GCC_OPTIMIZATION_LEVEL = 0;
				GCC_PREPROCESSOR_DEFINITIONS = (
					"DEBUG=1",
					"$(inherited)",
				);
				GCC_SYMBOLS_PRIVATE_EXTERN = NO;
				GCC_WARN_64_TO_32_BIT_CONVERSION = YES;
				GCC_WARN_ABOUT_RETURN_TYPE = YES_ERROR;
				GCC_WARN_UNDECLARED_SELECTOR = YES;
				GCC_WARN_UNINITIALIZED_AUTOS = YES_AGGRESSIVE;
				GCC_WARN_UNUSED_FUNCTION = YES;
				GCC_WARN_UNUSED_VARIABLE = YES;
				IPHONEOS_DEPLOYMENT_TARGET = 8.3;
				MTL_ENABLE_DEBUG_INFO = YES;
				ONLY_ACTIVE_ARCH = YES;
				OTHER_LDFLAGS = "-ObjC";
				SDKROOT = iphoneos;
				SWIFT_OPTIMIZATION_LEVEL = "-Onone";
			};
			name = Debug;
		};
		20738B711AE259B80000C808 /* Release */ = {
			isa = XCBuildConfiguration;
			buildSettings = {
				ALWAYS_SEARCH_USER_PATHS = NO;
				CLANG_CXX_LANGUAGE_STANDARD = "gnu++0x";
				CLANG_CXX_LIBRARY = "libc++";
				CLANG_ENABLE_MODULES = YES;
				CLANG_ENABLE_OBJC_ARC = YES;
				CLANG_WARN_BOOL_CONVERSION = YES;
				CLANG_WARN_CONSTANT_CONVERSION = YES;
				CLANG_WARN_DIRECT_OBJC_ISA_USAGE = YES_ERROR;
				CLANG_WARN_EMPTY_BODY = YES;
				CLANG_WARN_ENUM_CONVERSION = YES;
				CLANG_WARN_INT_CONVERSION = YES;
				CLANG_WARN_OBJC_ROOT_CLASS = YES_ERROR;
				CLANG_WARN_UNREACHABLE_CODE = YES;
				CLANG_WARN__DUPLICATE_METHOD_MATCH = YES;
				"CODE_SIGN_IDENTITY[sdk=iphoneos*]" = "iPhone Developer";
				COPY_PHASE_STRIP = NO;
				DEBUG_INFORMATION_FORMAT = "dwarf-with-dsym";
				ENABLE_NS_ASSERTIONS = NO;
				ENABLE_STRICT_OBJC_MSGSEND = YES;
				GCC_C_LANGUAGE_STANDARD = gnu99;
				GCC_NO_COMMON_BLOCKS = YES;
				GCC_WARN_64_TO_32_BIT_CONVERSION = YES;
				GCC_WARN_ABOUT_RETURN_TYPE = YES_ERROR;
				GCC_WARN_UNDECLARED_SELECTOR = YES;
				GCC_WARN_UNINITIALIZED_AUTOS = YES_AGGRESSIVE;
				GCC_WARN_UNUSED_FUNCTION = YES;
				GCC_WARN_UNUSED_VARIABLE = YES;
				IPHONEOS_DEPLOYMENT_TARGET = 8.3;
				MTL_ENABLE_DEBUG_INFO = NO;
				OTHER_LDFLAGS = "-ObjC";
				SDKROOT = iphoneos;
				VALIDATE_PRODUCT = YES;
			};
			name = Release;
		};
		20738B731AE259B80000C808 /* Debug */ = {
			isa = XCBuildConfiguration;
			baseConfigurationReference = 3386E40BDF06630BACC1B27D /* Pods.debug.xcconfig */;
			buildSettings = {
				ASSETCATALOG_COMPILER_APPICON_NAME = AppIcon;
				ASSETCATALOG_COMPILER_LAUNCHIMAGE_NAME = LaunchImage;
				CLANG_ENABLE_MODULES = YES;
				CODE_SIGN_IDENTITY = "iPhone Developer";
				FRAMEWORK_SEARCH_PATHS = "$(inherited)";
				INFOPLIST_FILE = "kazimir-ios/Info.plist";
				IPHONEOS_DEPLOYMENT_TARGET = 8.0;
				LD_RUNPATH_SEARCH_PATHS = "$(inherited) @executable_path/Frameworks";
				PRODUCT_NAME = "$(TARGET_NAME)";
				SWIFT_OBJC_BRIDGING_HEADER = "";
				SWIFT_OPTIMIZATION_LEVEL = "-Onone";
			};
			name = Debug;
		};
		20738B741AE259B80000C808 /* Release */ = {
			isa = XCBuildConfiguration;
			baseConfigurationReference = 2D1366F839F1B5B828CD39EA /* Pods.release.xcconfig */;
			buildSettings = {
				ASSETCATALOG_COMPILER_APPICON_NAME = AppIcon;
				ASSETCATALOG_COMPILER_LAUNCHIMAGE_NAME = LaunchImage;
				CLANG_ENABLE_MODULES = YES;
				CODE_SIGN_IDENTITY = "iPhone Developer";
				FRAMEWORK_SEARCH_PATHS = "$(inherited)";
				INFOPLIST_FILE = "kazimir-ios/Info.plist";
				IPHONEOS_DEPLOYMENT_TARGET = 8.0;
				LD_RUNPATH_SEARCH_PATHS = "$(inherited) @executable_path/Frameworks";
				PRODUCT_NAME = "$(TARGET_NAME)";
				SWIFT_OBJC_BRIDGING_HEADER = "";
			};
			name = Release;
		};
		20738B761AE259B80000C808 /* Debug */ = {
			isa = XCBuildConfiguration;
			buildSettings = {
				BUNDLE_LOADER = "$(TEST_HOST)";
				FRAMEWORK_SEARCH_PATHS = (
					"$(SDKROOT)/Developer/Library/Frameworks",
					"$(inherited)",
				);
				GCC_PREPROCESSOR_DEFINITIONS = (
					"DEBUG=1",
					"$(inherited)",
				);
				INFOPLIST_FILE = "kazimir-iosTests/Info.plist";
				LD_RUNPATH_SEARCH_PATHS = "$(inherited) @executable_path/Frameworks @loader_path/Frameworks";
				LIBRARY_SEARCH_PATHS = "$(inherited)";
				PRODUCT_NAME = "$(TARGET_NAME)";
				TEST_HOST = "$(BUILT_PRODUCTS_DIR)/kazimir-ios.app/kazimir-ios";
			};
			name = Debug;
		};
		20738B771AE259B80000C808 /* Release */ = {
			isa = XCBuildConfiguration;
			buildSettings = {
				BUNDLE_LOADER = "$(TEST_HOST)";
				FRAMEWORK_SEARCH_PATHS = (
					"$(SDKROOT)/Developer/Library/Frameworks",
					"$(inherited)",
				);
				INFOPLIST_FILE = "kazimir-iosTests/Info.plist";
				LD_RUNPATH_SEARCH_PATHS = "$(inherited) @executable_path/Frameworks @loader_path/Frameworks";
				LIBRARY_SEARCH_PATHS = "$(inherited)";
				PRODUCT_NAME = "$(TARGET_NAME)";
				TEST_HOST = "$(BUILT_PRODUCTS_DIR)/kazimir-ios.app/kazimir-ios";
			};
			name = Release;
		};
/* End XCBuildConfiguration section */

/* Begin XCConfigurationList section */
		20738B4E1AE259B80000C808 /* Build configuration list for PBXProject "kazimir-ios" */ = {
			isa = XCConfigurationList;
			buildConfigurations = (
				20738B701AE259B80000C808 /* Debug */,
				20738B711AE259B80000C808 /* Release */,
			);
			defaultConfigurationIsVisible = 0;
			defaultConfigurationName = Release;
		};
		20738B721AE259B80000C808 /* Build configuration list for PBXNativeTarget "kazimir-ios" */ = {
			isa = XCConfigurationList;
			buildConfigurations = (
				20738B731AE259B80000C808 /* Debug */,
				20738B741AE259B80000C808 /* Release */,
			);
			defaultConfigurationIsVisible = 0;
			defaultConfigurationName = Release;
		};
		20738B751AE259B80000C808 /* Build configuration list for PBXNativeTarget "kazimir-iosTests" */ = {
			isa = XCConfigurationList;
			buildConfigurations = (
				20738B761AE259B80000C808 /* Debug */,
				20738B771AE259B80000C808 /* Release */,
			);
			defaultConfigurationIsVisible = 0;
			defaultConfigurationName = Release;
		};
/* End XCConfigurationList section */

/* Begin XCVersionGroup section */
		20024FEC1AFFBD1C0013DC4D /* Kazimir.xcdatamodeld */ = {
			isa = XCVersionGroup;
			children = (
				20024FED1AFFBD1C0013DC4D /* Kazimir.xcdatamodel */,
			);
			currentVersion = 20024FED1AFFBD1C0013DC4D /* Kazimir.xcdatamodel */;
			path = Kazimir.xcdatamodeld;
			sourceTree = "<group>";
			versionGroupType = wrapper.xcdatamodel;
		};
/* End XCVersionGroup section */
	};
	rootObject = 20738B4B1AE259B80000C808 /* Project object */;
}
